
Microsoft Visual Studio Solution File, Format Version 11.00
# Visual C# Express 2010
Project("{FAE04EC0-301F-11D3-BF4B-00C04F79EFBC}") = "OSM.API", "OSM.API.v6\OSM.API.csproj", "{B55161EB-4B71-4834-9EAB-65ACD648ED63}"
EndProject
Global
	GlobalSection(SolutionConfigurationPlatforms) = preSolution
		Debug|Any CPU = Debug|Any CPU
		Debug|Mixed Platforms = Debug|Mixed Platforms
		Debug|x86 = Debug|x86
		Release|Any CPU = Release|Any CPU
		Release|Mixed Platforms = Release|Mixed Platforms
		Release|x86 = Release|x86
	EndGlobalSection
	GlobalSection(ProjectConfigurationPlatforms) = postSolution
		{B55161EB-4B71-4834-9EAB-65ACD648ED63}.Debug|Any CPU.ActiveCfg = Debug|Any CPU
		{B55161EB-4B71-4834-9EAB-65ACD648ED63}.Debug|Any CPU.Build.0 = Debug|Any CPU
		{B55161EB-4B71-4834-9EAB-65ACD648ED63}.Debug|Mixed Platforms.ActiveCfg = Debug|Any CPU
		{B55161EB-4B71-4834-9EAB-65ACD648ED63}.Debug|Mixed Platforms.Build.0 = Debug|Any CPU
		{B55161EB-4B71-4834-9EAB-65ACD648ED63}.Debug|x86.ActiveCfg = Debug|Any CPU
		{B55161EB-4B71-4834-9EAB-65ACD648ED63}.Debug|x86.Build.0 = Debug|Any CPU
		{B55161EB-4B71-4834-9EAB-65ACD648ED63}.Release|Any CPU.ActiveCfg = Release|Any CPU
		{B55161EB-4B71-4834-9EAB-65ACD648ED63}.Release|Any CPU.Build.0 = Release|Any CPU
		{B55161EB-4B71-4834-9EAB-65ACD648ED63}.Release|Mixed Platforms.ActiveCfg = Release|Any CPU
		{B55161EB-4B71-4834-9EAB-65ACD648ED63}.Release|Mixed Platforms.Build.0 = Release|Any CPU
		{B55161EB-4B71-4834-9EAB-65ACD648ED63}.Release|x86.ActiveCfg = Release|Any CPU
	EndGlobalSection
	GlobalSection(SolutionProperties) = preSolution
		HideSolutionNode = FALSE
	EndGlobalSection
	GlobalSection(MonoDevelopProperties) = preSolution
		StartupItem = Names\Names.csproj
	EndGlobalSection
EndGlobal
